
Microsoft Visual Studio Solution File, Format Version 12.00
# Visual Studio Version 17
VisualStudioVersion = 17.14.36414.22 d17.14
MinimumVisualStudioVersion = 10.0.40219.1
Project("{FAE04EC0-301F-11D3-BF4B-00C04F79EFBC}") = "Hello", "Hello\Hello.csproj", "{D86B0481-0997-48DE-8661-BF28AF9D5AC5}"
EndProject
Global
	GlobalSection(SolutionConfigurationPlatforms) = preSolution
		Debug|Any CPU = Debug|Any CPU
		Release|Any CPU = Release|Any CPU
	EndGlobalSection
	GlobalSection(ProjectConfigurationPlatforms) = postSolution
		{D86B0481-0997-48DE-8661-BF28AF9D5AC5}.Debug|Any CPU.ActiveCfg = Debug|Any CPU
		{D86B0481-0997-48DE-8661-BF28AF9D5AC5}.Debug|Any CPU.Build.0 = Debug|Any CPU
		{D86B0481-0997-48DE-8661-BF28AF9D5AC5}.Release|Any CPU.ActiveCfg = Release|Any CPU
		{D86B0481-0997-48DE-8661-BF28AF9D5AC5}.Release|Any CPU.Build.0 = Release|Any CPU
	EndGlobalSection
	GlobalSection(SolutionProperties) = preSolution
		HideSolutionNode = FALSE
	EndGlobalSection
	GlobalSection(ExtensibilityGlobals) = postSolution
		SolutionGuid = {CBA8CF74-D923-4BE9-9F10-0DFA0DDFDC4F}
	EndGlobalSection
EndGlobal
